
Microsoft Visual Studio Solution File, Format Version 12.00
# Visual Studio 15
VisualStudioVersion = 15.0.27703.2026
MinimumVisualStudioVersion = 10.0.40219.1
Project("{FAE04EC0-301F-11D3-BF4B-00C04F79EFBC}") = "trab_xamarin.Android", "trab_xamarin\trab_xamarin.Android\trab_xamarin.Android.csproj", "{B858EC8E-2173-4DB1-9EB6-CCCACED00206}"
EndProject
Project("{FAE04EC0-301F-11D3-BF4B-00C04F79EFBC}") = "trab_xamarin.iOS", "trab_xamarin\trab_xamarin.iOS\trab_xamarin.iOS.csproj", "{9B3FECE9-D61F-4540-A032-41518C63E298}"
EndProject
Project("{FAE04EC0-301F-11D3-BF4B-00C04F79EFBC}") = "trab_xamarin", "trab_xamarin\trab_xamarin\trab_xamarin.csproj", "{51BC55AC-B33F-4315-A998-67715657C581}"
EndProject
Global
	GlobalSection(SolutionConfigurationPlatforms) = preSolution
		Ad-Hoc|Any CPU = Ad-Hoc|Any CPU
		Ad-Hoc|iPhone = Ad-Hoc|iPhone
		Ad-Hoc|iPhoneSimulator = Ad-Hoc|iPhoneSimulator
		AppStore|Any CPU = AppStore|Any CPU
		AppStore|iPhone = AppStore|iPhone
		AppStore|iPhoneSimulator = AppStore|iPhoneSimulator
		Debug|Any CPU = Debug|Any CPU
		Debug|iPhone = Debug|iPhone
		Debug|iPhoneSimulator = Debug|iPhoneSimulator
		Release|Any CPU = Release|Any CPU
		Release|iPhone = Release|iPhone
		Release|iPhoneSimulator = Release|iPhoneSimulator
	EndGlobalSection
	GlobalSection(ProjectConfigurationPlatforms) = postSolution
		{B858EC8E-2173-4DB1-9EB6-CCCACED00206}.Ad-Hoc|Any CPU.ActiveCfg = Release|Any CPU
		{B858EC8E-2173-4DB1-9EB6-CCCACED00206}.Ad-Hoc|Any CPU.Build.0 = Release|Any CPU
		{B858EC8E-2173-4DB1-9EB6-CCCACED00206}.Ad-Hoc|Any CPU.Deploy.0 = Release|Any CPU
		{B858EC8E-2173-4DB1-9EB6-CCCACED00206}.Ad-Hoc|iPhone.ActiveCfg = Release|Any CPU
		{B858EC8E-2173-4DB1-9EB6-CCCACED00206}.Ad-Hoc|iPhone.Build.0 = Release|Any CPU
		{B858EC8E-2173-4DB1-9EB6-CCCACED00206}.Ad-Hoc|iPhone.Deploy.0 = Release|Any CPU
		{B858EC8E-2173-4DB1-9EB6-CCCACED00206}.Ad-Hoc|iPhoneSimulator.ActiveCfg = Release|Any CPU
		{B858EC8E-2173-4DB1-9EB6-CCCACED00206}.Ad-Hoc|iPhoneSimulator.Build.0 = Release|Any CPU
		{B858EC8E-2173-4DB1-9EB6-CCCACED00206}.Ad-Hoc|iPhoneSimulator.Deploy.0 = Release|Any CPU
		{B858EC8E-2173-4DB1-9EB6-CCCACED00206}.AppStore|Any CPU.ActiveCfg = Release|Any CPU
		{B858EC8E-2173-4DB1-9EB6-CCCACED00206}.AppStore|Any CPU.Build.0 = Release|Any CPU
		{B858EC8E-2173-4DB1-9EB6-CCCACED00206}.AppStore|Any CPU.Deploy.0 = Release|Any CPU
		{B858EC8E-2173-4DB1-9EB6-CCCACED00206}.AppStore|iPhone.ActiveCfg = Release|Any CPU
		{B858EC8E-2173-4DB1-9EB6-CCCACED00206}.AppStore|iPhone.Build.0 = Release|Any CPU
		{B858EC8E-2173-4DB1-9EB6-CCCACED00206}.AppStore|iPhone.Deploy.0 = Release|Any CPU
		{B858EC8E-2173-4DB1-9EB6-CCCACED00206}.AppStore|iPhoneSimulator.ActiveCfg = Release|Any CPU
		{B858EC8E-2173-4DB1-9EB6-CCCACED00206}.AppStore|iPhoneSimulator.Build.0 = Release|Any CPU
		{B858EC8E-2173-4DB1-9EB6-CCCACED00206}.AppStore|iPhoneSimulator.Deploy.0 = Release|Any CPU
		{B858EC8E-2173-4DB1-9EB6-CCCACED00206}.Debug|Any CPU.ActiveCfg = Debug|Any CPU
		{B858EC8E-2173-4DB1-9EB6-CCCACED00206}.Debug|Any CPU.Build.0 = Debug|Any CPU
		{B858EC8E-2173-4DB1-9EB6-CCCACED00206}.Debug|Any CPU.Deploy.0 = Debug|Any CPU
		{B858EC8E-2173-4DB1-9EB6-CCCACED00206}.Debug|iPhone.ActiveCfg = Debug|Any CPU
		{B858EC8E-2173-4DB1-9EB6-CCCACED00206}.Debug|iPhone.Build.0 = Debug|Any CPU
		{B858EC8E-2173-4DB1-9EB6-CCCACED00206}.Debug|iPhone.Deploy.0 = Debug|Any CPU
		{B858EC8E-2173-4DB1-9EB6-CCCACED00206}.Debug|iPhoneSimulator.ActiveCfg = Debug|Any CPU
		{B858EC8E-2173-4DB1-9EB6-CCCACED00206}.Debug|iPhoneSimulator.Build.0 = Debug|Any CPU
		{B858EC8E-2173-4DB1-9EB6-CCCACED00206}.Debug|iPhoneSimulator.Deploy.0 = Debug|Any CPU
		{B858EC8E-2173-4DB1-9EB6-CCCACED00206}.Release|Any CPU.ActiveCfg = Release|Any CPU
		{B858EC8E-2173-4DB1-9EB6-CCCACED00206}.Release|Any CPU.Build.0 = Release|Any CPU
		{B858EC8E-2173-4DB1-9EB6-CCCACED00206}.Release|Any CPU.Deploy.0 = Release|Any CPU
		{B858EC8E-2173-4DB1-9EB6-CCCACED00206}.Release|iPhone.ActiveCfg = Release|Any CPU
		{B858EC8E-2173-4DB1-9EB6-CCCACED00206}.Release|iPhone.Build.0 = Release|Any CPU
		{B858EC8E-2173-4DB1-9EB6-CCCACED00206}.Release|iPhone.Deploy.0 = Release|Any CPU
		{B858EC8E-2173-4DB1-9EB6-CCCACED00206}.Release|iPhoneSimulator.ActiveCfg = Release|Any CPU
		{B858EC8E-2173-4DB1-9EB6-CCCACED00206}.Release|iPhoneSimulator.Build.0 = Release|Any CPU
		{B858EC8E-2173-4DB1-9EB6-CCCACED00206}.Release|iPhoneSimulator.Deploy.0 = Release|Any CPU
		{9B3FECE9-D61F-4540-A032-41518C63E298}.Ad-Hoc|Any CPU.ActiveCfg = Ad-Hoc|iPhone
		{9B3FECE9-D61F-4540-A032-41518C63E298}.Ad-Hoc|Any CPU.Build.0 = Ad-Hoc|iPhone
		{9B3FECE9-D61F-4540-A032-41518C63E298}.Ad-Hoc|Any CPU.Deploy.0 = Ad-Hoc|iPhone
		{9B3FECE9-D61F-4540-A032-41518C63E298}.Ad-Hoc|iPhone.ActiveCfg = Ad-Hoc|iPhone
		{9B3FECE9-D61F-4540-A032-41518C63E298}.Ad-Hoc|iPhone.Build.0 = Ad-Hoc|iPhone
		{9B3FECE9-D61F-4540-A032-41518C63E298}.Ad-Hoc|iPhone.Deploy.0 = Ad-Hoc|iPhone
		{9B3FECE9-D61F-4540-A032-41518C63E298}.Ad-Hoc|iPhoneSimulator.ActiveCfg = Ad-Hoc|iPhoneSimulator
		{9B3FECE9-D61F-4540-A032-41518C63E298}.Ad-Hoc|iPhoneSimulator.Build.0 = Ad-Hoc|iPhoneSimulator
		{9B3FECE9-D61F-4540-A032-41518C63E298}.Ad-Hoc|iPhoneSimulator.Deploy.0 = Ad-Hoc|iPhoneSimulator
		{9B3FECE9-D61F-4540-A032-41518C63E298}.AppStore|Any CPU.ActiveCfg = AppStore|iPhone
		{9B3FECE9-D61F-4540-A032-41518C63E298}.AppStore|Any CPU.Build.0 = AppStore|iPhone
		{9B3FECE9-D61F-4540-A032-41518C63E298}.AppStore|Any CPU.Deploy.0 = AppStore|iPhone
		{9B3FECE9-D61F-4540-A032-41518C63E298}.AppStore|iPhone.ActiveCfg = AppStore|iPhone
		{9B3FECE9-D61F-4540-A032-41518C63E298}.AppStore|iPhone.Build.0 = AppStore|iPhone
		{9B3FECE9-D61F-4540-A032-41518C63E298}.AppStore|iPhone.Deploy.0 = AppStore|iPhone
		{9B3FECE9-D61F-4540-A032-41518C63E298}.AppStore|iPhoneSimulator.ActiveCfg = AppStore|iPhoneSimulator
		{9B3FECE9-D61F-4540-A032-41518C63E298}.AppStore|iPhoneSimulator.Build.0 = AppStore|iPhoneSimulator
		{9B3FECE9-D61F-4540-A032-41518C63E298}.AppStore|iPhoneSimulator.Deploy.0 = AppStore|iPhoneSimulator
		{9B3FECE9-D61F-4540-A032-41518C63E298}.Debug|Any CPU.ActiveCfg = Debug|iPhoneSimulator
		{9B3FECE9-D61F-4540-A032-41518C63E298}.Debug|Any CPU.Build.0 = Debug|iPhoneSimulator
		{9B3FECE9-D61F-4540-A032-41518C63E298}.Debug|Any CPU.Deploy.0 = Debug|iPhoneSimulator
		{9B3FECE9-D61F-4540-A032-41518C63E298}.Debug|iPhone.ActiveCfg = Debug|iPhone
		{9B3FECE9-D61F-4540-A032-41518C63E298}.Debug|iPhone.Build.0 = Debug|iPhone
		{9B3FECE9-D61F-4540-A032-41518C63E298}.Debug|iPhone.Deploy.0 = Debug|iPhone
		{9B3FECE9-D61F-4540-A032-41518C63E298}.Debug|iPhoneSimulator.ActiveCfg = Debug|iPhoneSimulator
		{9B3FECE9-D61F-4540-A032-41518C63E298}.Debug|iPhoneSimulator.Build.0 = Debug|iPhoneSimulator
		{9B3FECE9-D61F-4540-A032-41518C63E298}.Debug|iPhoneSimulator.Deploy.0 = Debug|iPhoneSimulator
		{9B3FECE9-D61F-4540-A032-41518C63E298}.Release|Any CPU.ActiveCfg = Release|iPhone
		{9B3FECE9-D61F-4540-A032-41518C63E298}.Release|Any CPU.Build.0 = Release|iPhone
		{9B3FECE9-D61F-4540-A032-41518C63E298}.Release|Any CPU.Deploy.0 = Release|iPhone
		{9B3FECE9-D61F-4540-A032-41518C63E298}.Release|iPhone.ActiveCfg = Release|iPhone
		{9B3FECE9-D61F-4540-A032-41518C63E298}.Release|iPhone.Build.0 = Release|iPhone
		{9B3FECE9-D61F-4540-A032-41518C63E298}.Release|iPhone.Deploy.0 = Release|iPhone
		{9B3FECE9-D61F-4540-A032-41518C63E298}.Release|iPhoneSimulator.ActiveCfg = Release|iPhoneSimulator
		{9B3FECE9-D61F-4540-A032-41518C63E298}.Release|iPhoneSimulator.Build.0 = Release|iPhoneSimulator
		{9B3FECE9-D61F-4540-A032-41518C63E298}.Release|iPhoneSimulator.Deploy.0 = Release|iPhoneSimulator
		{51BC55AC-B33F-4315-A998-67715657C581}.Ad-Hoc|Any CPU.ActiveCfg = Debug|Any CPU
		{51BC55AC-B33F-4315-A998-67715657C581}.Ad-Hoc|Any CPU.Build.0 = Debug|Any CPU
		{51BC55AC-B33F-4315-A998-67715657C581}.Ad-Hoc|Any CPU.Deploy.0 = Debug|Any CPU
		{51BC55AC-B33F-4315-A998-67715657C581}.Ad-Hoc|iPhone.ActiveCfg = Debug|Any CPU
		{51BC55AC-B33F-4315-A998-67715657C581}.Ad-Hoc|iPhone.Build.0 = Debug|Any CPU
		{51BC55AC-B33F-4315-A998-67715657C581}.Ad-Hoc|iPhone.Deploy.0 = Debug|Any CPU
		{51BC55AC-B33F-4315-A998-67715657C581}.Ad-Hoc|iPhoneSimulator.ActiveCfg = Debug|Any CPU
		{51BC55AC-B33F-4315-A998-67715657C581}.Ad-Hoc|iPhoneSimulator.Build.0 = Debug|Any CPU
		{51BC55AC-B33F-4315-A998-67715657C581}.Ad-Hoc|iPhoneSimulator.Deploy.0 = Debug|Any CPU
		{51BC55AC-B33F-4315-A998-67715657C581}.AppStore|Any CPU.ActiveCfg = Debug|Any CPU
		{51BC55AC-B33F-4315-A998-67715657C581}.AppStore|Any CPU.Build.0 = Debug|Any CPU
		{51BC55AC-B33F-4315-A998-67715657C581}.AppStore|Any CPU.Deploy.0 = Debug|Any CPU
		{51BC55AC-B33F-4315-A998-67715657C581}.AppStore|iPhone.ActiveCfg = Debug|Any CPU
		{51BC55AC-B33F-4315-A998-67715657C581}.AppStore|iPhone.Build.0 = Debug|Any CPU
		{51BC55AC-B33F-4315-A998-67715657C581}.AppStore|iPhone.Deploy.0 = Debug|Any CPU
		{51BC55AC-B33F-4315-A998-67715657C581}.AppStore|iPhoneSimulator.ActiveCfg = Debug|Any CPU
		{51BC55AC-B33F-4315-A998-67715657C581}.AppStore|iPhoneSimulator.Build.0 = Debug|Any CPU
		{51BC55AC-B33F-4315-A998-67715657C581}.AppStore|iPhoneSimulator.Deploy.0 = Debug|Any CPU
		{51BC55AC-B33F-4315-A998-67715657C581}.Debug|Any CPU.ActiveCfg = Debug|Any CPU
		{51BC55AC-B33F-4315-A998-67715657C581}.Debug|Any CPU.Build.0 = Debug|Any CPU
		{51BC55AC-B33F-4315-A998-67715657C581}.Debug|Any CPU.Deploy.0 = Debug|Any CPU
		{51BC55AC-B33F-4315-A998-67715657C581}.Debug|iPhone.ActiveCfg = Debug|Any CPU
		{51BC55AC-B33F-4315-A998-67715657C581}.Debug|iPhone.Build.0 = Debug|Any CPU
		{51BC55AC-B33F-4315-A998-67715657C581}.Debug|iPhone.Deploy.0 = Debug|Any CPU
		{51BC55AC-B33F-4315-A998-67715657C581}.Debug|iPhoneSimulator.ActiveCfg = Debug|Any CPU
		{51BC55AC-B33F-4315-A998-67715657C581}.Debug|iPhoneSimulator.Build.0 = Debug|Any CPU
		{51BC55AC-B33F-4315-A998-67715657C581}.Debug|iPhoneSimulator.Deploy.0 = Debug|Any CPU
		{51BC55AC-B33F-4315-A998-67715657C581}.Release|Any CPU.ActiveCfg = Release|Any CPU
		{51BC55AC-B33F-4315-A998-67715657C581}.Release|Any CPU.Build.0 = Release|Any CPU
		{51BC55AC-B33F-4315-A998-67715657C581}.Release|Any CPU.Deploy.0 = Release|Any CPU
		{51BC55AC-B33F-4315-A998-67715657C581}.Release|iPhone.ActiveCfg = Release|Any CPU
		{51BC55AC-B33F-4315-A998-67715657C581}.Release|iPhone.Build.0 = Release|Any CPU
		{51BC55AC-B33F-4315-A998-67715657C581}.Release|iPhone.Deploy.0 = Release|Any CPU
		{51BC55AC-B33F-4315-A998-67715657C581}.Release|iPhoneSimulator.ActiveCfg = Release|Any CPU
		{51BC55AC-B33F-4315-A998-67715657C581}.Release|iPhoneSimulator.Build.0 = Release|Any CPU
		{51BC55AC-B33F-4315-A998-67715657C581}.Release|iPhoneSimulator.Deploy.0 = Release|Any CPU
	EndGlobalSection
	GlobalSection(SolutionProperties) = preSolution
		HideSolutionNode = FALSE
	EndGlobalSection
	GlobalSection(ExtensibilityGlobals) = postSolution
		SolutionGuid = {54E6084E-0437-48FC-8C7D-4ADCA4BD54C2}
	EndGlobalSection
EndGlobal
